
Microsoft Visual Studio Solution File, Format Version 12.00
# Visual Studio Version 17
VisualStudioVersion = 17.2.32630.192
MinimumVisualStudioVersion = 10.0.40219.1
Project("{9A19103F-16F7-4668-BE54-9A1E7A4F7556}") = "FactoryMethod", "TypesOfFactories\FactoryMethod.csproj", "{C1EE7335-7FF5-4FD4-BE31-71E677BE5084}"
EndProject
Project("{FAE04EC0-301F-11D3-BF4B-00C04F79EFBC}") = "SimpleExample", "SimpleExample\SimpleExample.csproj", "{80463980-BE1C-4857-969C-83FB6694366E}"
EndProject
Project("{FAE04EC0-301F-11D3-BF4B-00C04F79EFBC}") = "FactoryAsync", "FactoryAsync\FactoryAsync.csproj", "{02BA8F2D-3998-4BDE-8182-C9F95FA57290}"
EndProject
Project("{FAE04EC0-301F-11D3-BF4B-00C04F79EFBC}") = "FactoryRecorder", "FactoryRecorder\FactoryRecorder.csproj", "{47849C18-09B0-47F8-95A0-5B2A32D3C38F}"
EndProject
Project("{FAE04EC0-301F-11D3-BF4B-00C04F79EFBC}") = "InnerFactory", "InnerFactory\InnerFactory.csproj", "{99E8DD7D-9E9F-4954-B3DF-68B529F97C52}"
EndProject
Project("{FAE04EC0-301F-11D3-BF4B-00C04F79EFBC}") = "AbstractFactory", "AbstractFactory\AbstractFactory.csproj", "{F7514A5B-95A1-4D26-B398-8257D0E1AB56}"
EndProject
Global
	GlobalSection(SolutionConfigurationPlatforms) = preSolution
		Debug|Any CPU = Debug|Any CPU
		Release|Any CPU = Release|Any CPU
	EndGlobalSection
	GlobalSection(ProjectConfigurationPlatforms) = postSolution
		{C1EE7335-7FF5-4FD4-BE31-71E677BE5084}.Debug|Any CPU.ActiveCfg = Debug|Any CPU
		{C1EE7335-7FF5-4FD4-BE31-71E677BE5084}.Debug|Any CPU.Build.0 = Debug|Any CPU
		{C1EE7335-7FF5-4FD4-BE31-71E677BE5084}.Release|Any CPU.ActiveCfg = Release|Any CPU
		{C1EE7335-7FF5-4FD4-BE31-71E677BE5084}.Release|Any CPU.Build.0 = Release|Any CPU
		{80463980-BE1C-4857-969C-83FB6694366E}.Debug|Any CPU.ActiveCfg = Debug|Any CPU
		{80463980-BE1C-4857-969C-83FB6694366E}.Debug|Any CPU.Build.0 = Debug|Any CPU
		{80463980-BE1C-4857-969C-83FB6694366E}.Release|Any CPU.ActiveCfg = Release|Any CPU
		{80463980-BE1C-4857-969C-83FB6694366E}.Release|Any CPU.Build.0 = Release|Any CPU
		{02BA8F2D-3998-4BDE-8182-C9F95FA57290}.Debug|Any CPU.ActiveCfg = Debug|Any CPU
		{02BA8F2D-3998-4BDE-8182-C9F95FA57290}.Debug|Any CPU.Build.0 = Debug|Any CPU
		{02BA8F2D-3998-4BDE-8182-C9F95FA57290}.Release|Any CPU.ActiveCfg = Release|Any CPU
		{02BA8F2D-3998-4BDE-8182-C9F95FA57290}.Release|Any CPU.Build.0 = Release|Any CPU
		{47849C18-09B0-47F8-95A0-5B2A32D3C38F}.Debug|Any CPU.ActiveCfg = Debug|Any CPU
		{47849C18-09B0-47F8-95A0-5B2A32D3C38F}.Debug|Any CPU.Build.0 = Debug|Any CPU
		{47849C18-09B0-47F8-95A0-5B2A32D3C38F}.Release|Any CPU.ActiveCfg = Release|Any CPU
		{47849C18-09B0-47F8-95A0-5B2A32D3C38F}.Release|Any CPU.Build.0 = Release|Any CPU
		{99E8DD7D-9E9F-4954-B3DF-68B529F97C52}.Debug|Any CPU.ActiveCfg = Debug|Any CPU
		{99E8DD7D-9E9F-4954-B3DF-68B529F97C52}.Debug|Any CPU.Build.0 = Debug|Any CPU
		{99E8DD7D-9E9F-4954-B3DF-68B529F97C52}.Release|Any CPU.ActiveCfg = Release|Any CPU
		{99E8DD7D-9E9F-4954-B3DF-68B529F97C52}.Release|Any CPU.Build.0 = Release|Any CPU
		{F7514A5B-95A1-4D26-B398-8257D0E1AB56}.Debug|Any CPU.ActiveCfg = Debug|Any CPU
		{F7514A5B-95A1-4D26-B398-8257D0E1AB56}.Debug|Any CPU.Build.0 = Debug|Any CPU
		{F7514A5B-95A1-4D26-B398-8257D0E1AB56}.Release|Any CPU.ActiveCfg = Release|Any CPU
		{F7514A5B-95A1-4D26-B398-8257D0E1AB56}.Release|Any CPU.Build.0 = Release|Any CPU
	EndGlobalSection
	GlobalSection(SolutionProperties) = preSolution
		HideSolutionNode = FALSE
	EndGlobalSection
	GlobalSection(ExtensibilityGlobals) = postSolution
		SolutionGuid = {7550EA99-8B33-41A0-BEB8-D9C159AA6D78}
	EndGlobalSection
EndGlobal
