
Microsoft Visual Studio Solution File, Format Version 12.00
# Visual Studio Version 17
VisualStudioVersion = 17.2.32630.192
MinimumVisualStudioVersion = 10.0.40219.1
Project("{FAE04EC0-301F-11D3-BF4B-00C04F79EFBC}") = "TypesOfBridge", "TypesOfBridge\TypesOfBridge.csproj", "{FA04E016-0C18-464E-B32D-9B71BCE99F5D}"
EndProject
Global
	GlobalSection(SolutionConfigurationPlatforms) = preSolution
		Debug|Any CPU = Debug|Any CPU
		Release|Any CPU = Release|Any CPU
	EndGlobalSection
	GlobalSection(ProjectConfigurationPlatforms) = postSolution
		{FA04E016-0C18-464E-B32D-9B71BCE99F5D}.Debug|Any CPU.ActiveCfg = Debug|Any CPU
		{FA04E016-0C18-464E-B32D-9B71BCE99F5D}.Debug|Any CPU.Build.0 = Debug|Any CPU
		{FA04E016-0C18-464E-B32D-9B71BCE99F5D}.Release|Any CPU.ActiveCfg = Release|Any CPU
		{FA04E016-0C18-464E-B32D-9B71BCE99F5D}.Release|Any CPU.Build.0 = Release|Any CPU
	EndGlobalSection
	GlobalSection(SolutionProperties) = preSolution
		HideSolutionNode = FALSE
	EndGlobalSection
	GlobalSection(ExtensibilityGlobals) = postSolution
		SolutionGuid = {94631223-8033-48E7-832F-056B96790404}
	EndGlobalSection
EndGlobal
