
Microsoft Visual Studio Solution File, Format Version 12.00
Project("{FAE04EC0-301F-11D3-BF4B-00C04F79EFBC}") = "SimpleExample", "SimpleExample\SimpleExample.csproj", "{88DA2F5F-1441-48DA-B46C-FA23431F6F58}"
EndProject
Project("{FAE04EC0-301F-11D3-BF4B-00C04F79EFBC}") = "WithMediatorPattern", "WithMediatorPattern\WithMediatorPattern.csproj", "{8A069D2F-DABA-4CF3-AB28-4B8457D44502}"
EndProject
Global
	GlobalSection(SolutionConfigurationPlatforms) = preSolution
		Debug|Any CPU = Debug|Any CPU
		Release|Any CPU = Release|Any CPU
	EndGlobalSection
	GlobalSection(ProjectConfigurationPlatforms) = postSolution
		{88DA2F5F-1441-48DA-B46C-FA23431F6F58}.Debug|Any CPU.ActiveCfg = Debug|Any CPU
		{88DA2F5F-1441-48DA-B46C-FA23431F6F58}.Debug|Any CPU.Build.0 = Debug|Any CPU
		{88DA2F5F-1441-48DA-B46C-FA23431F6F58}.Release|Any CPU.ActiveCfg = Release|Any CPU
		{88DA2F5F-1441-48DA-B46C-FA23431F6F58}.Release|Any CPU.Build.0 = Release|Any CPU
		{8A069D2F-DABA-4CF3-AB28-4B8457D44502}.Debug|Any CPU.ActiveCfg = Debug|Any CPU
		{8A069D2F-DABA-4CF3-AB28-4B8457D44502}.Debug|Any CPU.Build.0 = Debug|Any CPU
		{8A069D2F-DABA-4CF3-AB28-4B8457D44502}.Release|Any CPU.ActiveCfg = Release|Any CPU
		{8A069D2F-DABA-4CF3-AB28-4B8457D44502}.Release|Any CPU.Build.0 = Release|Any CPU
	EndGlobalSection
EndGlobal
