
Microsoft Visual Studio Solution File, Format Version 12.00
# Visual Studio Version 17
VisualStudioVersion = 17.2.32630.192
MinimumVisualStudioVersion = 10.0.40219.1
Project("{9A19103F-16F7-4668-BE54-9A1E7A4F7556}") = "SimpleExample", "SimpleExample\SimpleExample.csproj", "{792BCAA1-CAC2-487B-AAAE-5382419581F9}"
EndProject
Project("{FAE04EC0-301F-11D3-BF4B-00C04F79EFBC}") = "IntrusiveVisitor", "IntrusiveVisitor\IntrusiveVisitor.csproj", "{C8A67640-AAA8-4978-9EC6-0E814FC194E1}"
EndProject
Project("{FAE04EC0-301F-11D3-BF4B-00C04F79EFBC}") = "ReflectiveVisitor", "ReflectiveVisitor\ReflectiveVisitor.csproj", "{4E9C8961-CDFA-4230-B414-75ADE8146592}"
EndProject
Global
	GlobalSection(SolutionConfigurationPlatforms) = preSolution
		Debug|Any CPU = Debug|Any CPU
		Release|Any CPU = Release|Any CPU
	EndGlobalSection
	GlobalSection(ProjectConfigurationPlatforms) = postSolution
		{792BCAA1-CAC2-487B-AAAE-5382419581F9}.Debug|Any CPU.ActiveCfg = Debug|Any CPU
		{792BCAA1-CAC2-487B-AAAE-5382419581F9}.Debug|Any CPU.Build.0 = Debug|Any CPU
		{792BCAA1-CAC2-487B-AAAE-5382419581F9}.Release|Any CPU.ActiveCfg = Release|Any CPU
		{792BCAA1-CAC2-487B-AAAE-5382419581F9}.Release|Any CPU.Build.0 = Release|Any CPU
		{C8A67640-AAA8-4978-9EC6-0E814FC194E1}.Debug|Any CPU.ActiveCfg = Debug|Any CPU
		{C8A67640-AAA8-4978-9EC6-0E814FC194E1}.Debug|Any CPU.Build.0 = Debug|Any CPU
		{C8A67640-AAA8-4978-9EC6-0E814FC194E1}.Release|Any CPU.ActiveCfg = Release|Any CPU
		{C8A67640-AAA8-4978-9EC6-0E814FC194E1}.Release|Any CPU.Build.0 = Release|Any CPU
		{4E9C8961-CDFA-4230-B414-75ADE8146592}.Debug|Any CPU.ActiveCfg = Debug|Any CPU
		{4E9C8961-CDFA-4230-B414-75ADE8146592}.Debug|Any CPU.Build.0 = Debug|Any CPU
		{4E9C8961-CDFA-4230-B414-75ADE8146592}.Release|Any CPU.ActiveCfg = Release|Any CPU
		{4E9C8961-CDFA-4230-B414-75ADE8146592}.Release|Any CPU.Build.0 = Release|Any CPU
	EndGlobalSection
	GlobalSection(SolutionProperties) = preSolution
		HideSolutionNode = FALSE
	EndGlobalSection
	GlobalSection(ExtensibilityGlobals) = postSolution
		SolutionGuid = {95FC4B23-E881-4DD6-8EA3-C288CA5D1A7D}
	EndGlobalSection
EndGlobal
